# This file is autogenerated, do not edit; changes may be undone by the next 'dep ensure'.


[[projects]]
  branch = "master"
  name = "golang.org/x/text"
  packages = ["encoding","encoding/internal","encoding/internal/identifier","encoding/japanese","internal/gen","transform","unicode/cldr"]
  revision = "ccbd3f7822129ff389f8ca4858a9b9d4d910531c"

[solve-meta]
  analyzer-name = "dep"
  analyzer-version = 1
  inputs-digest = "28a0a965f22afd8940fe48979931cb4ead27f229f330c9d1e71fa1de6f5c562d"
  solver-name = "gps-cdcl"
  solver-version = 1
